bioguide: state_mt_gov_steve_bullock
contact_form:
  method: post
  usephantomjslogging: true
  steps:
    - visit: "https://svc.mt.gov/gov/contact/shareopinion"
    - fill_in:
        - name: Your Prefix
          selector: input#sockeye_prefix
          value: $NAME_PREFIX
          required: false
        - name: First Name
          selector: "#sockeye_firstname"
          value: $NAME_FIRST
          required: true
        - name: Last Name
          selector: "#sockeye_lastname"
          value: $NAME_LAST
          required: true
        - name: email
          selector: "#sockeye_email"
          value: $EMAIL
          required: true
        - name: Street
          selector: "#sockeye_mailingaddress"
          value: $ADDRESS_STREET
          required: true
        - name: city
          selector: "#sockeye_city"
          value: $ADDRESS_CITY
          required: true
        - name: zip5
          selector: "#sockeye_zipcode"
          value: $ADDRESS_ZIP5
          required: true
        - name: phone
          selector: "#sockeye_phone"
          value: $PHONE
          required: true
    - find:
        - selector: .sockeye_topicid-ctrl .input-group-btn .btn
    - click_on:
        - selector: .sockeye_topicid-ctrl .input-group-btn .btn
    - find:
        - selector: "#lookup-modal-sockeye_topicid input[type='search']"
    - wait:
        - value: 2
    - fill_in:
        - name: topic
          selector: "#lookup-modal-sockeye_topicid input[type='search']"
          value: "General Comments"
          required: true
    - find:
        - selector: "#lookup-modal-sockeye_topicid .btn-refresh a"
    - click_on:
        - selector: "#lookup-modal-sockeye_topicid .btn-refresh a"
    - wait:
        - value: 1
    - find:
        - selector: "#lookup-modal-sockeye_topicid .grid-canvas .slick-row"
    - click_on:
        - selector: "#lookup-modal-sockeye_topicid .grid-canvas .slick-row"
    - find:
        - selector: "#lookup-modal-sockeye_topicid .btn-primary.lookup-ok"
    - click_on:
        - selector: "#lookup-modal-sockeye_topicid .btn-primary.lookup-ok"
    - fill_in:
        - name: message
          selector: "#sockeye_comments"
          value: $MESSAGE
          required: true
          options:
            max_length: 2000
    - click_on:
        - value: Send Now
          selector: input[type='submit'][value='Submit']
  success:
    body:
      contains: Thank you for your comments
